
Microsoft Visual Studio Solution File, Format Version 12.00
# Visual Studio Version 17
VisualStudioVersion = 17.12.35707.178 d17.12
MinimumVisualStudioVersion = 10.0.40219.1
Project("{FAE04EC0-301F-11D3-BF4B-00C04F79EFBC}") = "QuanLyThuVien.Domain", "QuanLyThuVien.Domain\QuanLyThuVien.Domain.csproj", "{015B0ECF-DBA1-4D13-814E-28DA6101A0A6}"
EndProject
Project("{FAE04EC0-301F-11D3-BF4B-00C04F79EFBC}") = "QuanLyThuVien.Application", "QuanLyThuVien.Application\QuanLyThuVien.Application.csproj", "{9ED1A954-EAED-47F3-BC51-E80B5E8659F8}"
EndProject
Project("{FAE04EC0-301F-11D3-BF4B-00C04F79EFBC}") = "QuanLyThuVien.Infrastructure", "QuanLyThuVien.Infrastructure\QuanLyThuVien.Infrastructure.csproj", "{F8411378-F39A-431F-A876-CD710949E902}"
EndProject
Project("{FAE04EC0-301F-11D3-BF4B-00C04F79EFBC}") = "QuanLyThuVien.API", "QuanLyThuVien.API\QuanLyThuVien.API.csproj", "{BEDACC22-43FE-411B-9BCB-E61B3C03A6C2}"
EndProject
Global
	GlobalSection(SolutionConfigurationPlatforms) = preSolution
		Debug|Any CPU = Debug|Any CPU
		Release|Any CPU = Release|Any CPU
	EndGlobalSection
	GlobalSection(ProjectConfigurationPlatforms) = postSolution
		{015B0ECF-DBA1-4D13-814E-28DA6101A0A6}.Debug|Any CPU.ActiveCfg = Debug|Any CPU
		{015B0ECF-DBA1-4D13-814E-28DA6101A0A6}.Debug|Any CPU.Build.0 = Debug|Any CPU
		{015B0ECF-DBA1-4D13-814E-28DA6101A0A6}.Release|Any CPU.ActiveCfg = Release|Any CPU
		{015B0ECF-DBA1-4D13-814E-28DA6101A0A6}.Release|Any CPU.Build.0 = Release|Any CPU
		{9ED1A954-EAED-47F3-BC51-E80B5E8659F8}.Debug|Any CPU.ActiveCfg = Debug|Any CPU
		{9ED1A954-EAED-47F3-BC51-E80B5E8659F8}.Debug|Any CPU.Build.0 = Debug|Any CPU
		{9ED1A954-EAED-47F3-BC51-E80B5E8659F8}.Release|Any CPU.ActiveCfg = Release|Any CPU
		{9ED1A954-EAED-47F3-BC51-E80B5E8659F8}.Release|Any CPU.Build.0 = Release|Any CPU
		{F8411378-F39A-431F-A876-CD710949E902}.Debug|Any CPU.ActiveCfg = Debug|Any CPU
		{F8411378-F39A-431F-A876-CD710949E902}.Debug|Any CPU.Build.0 = Debug|Any CPU
		{F8411378-F39A-431F-A876-CD710949E902}.Release|Any CPU.ActiveCfg = Release|Any CPU
		{F8411378-F39A-431F-A876-CD710949E902}.Release|Any CPU.Build.0 = Release|Any CPU
		{BEDACC22-43FE-411B-9BCB-E61B3C03A6C2}.Debug|Any CPU.ActiveCfg = Debug|Any CPU
		{BEDACC22-43FE-411B-9BCB-E61B3C03A6C2}.Debug|Any CPU.Build.0 = Debug|Any CPU
		{BEDACC22-43FE-411B-9BCB-E61B3C03A6C2}.Release|Any CPU.ActiveCfg = Release|Any CPU
		{BEDACC22-43FE-411B-9BCB-E61B3C03A6C2}.Release|Any CPU.Build.0 = Release|Any CPU
	EndGlobalSection
	GlobalSection(SolutionProperties) = preSolution
		HideSolutionNode = FALSE
	EndGlobalSection
EndGlobal
